PODS:
  - SnapKit (5.0.1)
  - Zip (2.1.1)

DEPENDENCIES:
  - SnapKit (~> 5.0.1)
  - Zip (~> 2.1)

SPEC REPOS:
  trunk:
    - SnapKit
    - Zip

SPEC CHECKSUMS:
  SnapKit: 97b92857e3df3a0c71833cce143274bf6ef8e5eb
  Zip: 414f59909701fda9a84ab774ebe0f5449b1082cc

PODFILE CHECKSUM: 055d701e6c3598aa249e16c65eb37a8e95aad096

COCOAPODS: 1.9.2
